
Microsoft Visual Studio Solution File, Format Version 12.00
# Visual Studio Version 17
VisualStudioVersion = 17.5.33103.201
MinimumVisualStudioVersion = 10.0.40219.1
Project("{FAE04EC0-301F-11D3-BF4B-00C04F79EFBC}") = "bongo_cat_mver_choose", "bongo_cat_mver_choose.csproj", "{CE351CCF-F5BC-4D81-9230-8F4898B6B205}"
EndProject
Global
	GlobalSection(SolutionConfigurationPlatforms) = preSolution
		Debug|Any CPU = Debug|Any CPU
		Release|Any CPU = Release|Any CPU
	EndGlobalSection
	GlobalSection(ProjectConfigurationPlatforms) = postSolution
		{CE351CCF-F5BC-4D81-9230-8F4898B6B205}.Debug|Any CPU.ActiveCfg = Debug|Any CPU
		{CE351CCF-F5BC-4D81-9230-8F4898B6B205}.Debug|Any CPU.Build.0 = Debug|Any CPU
		{CE351CCF-F5BC-4D81-9230-8F4898B6B205}.Release|Any CPU.ActiveCfg = Release|Any CPU
		{CE351CCF-F5BC-4D81-9230-8F4898B6B205}.Release|Any CPU.Build.0 = Release|Any CPU
	EndGlobalSection
	GlobalSection(SolutionProperties) = preSolution
		HideSolutionNode = FALSE
	EndGlobalSection
	GlobalSection(ExtensibilityGlobals) = postSolution
		SolutionGuid = {EB904EF1-41DF-4EA8-AB77-DA5EB22E10AA}
	EndGlobalSection
EndGlobal
